
Microsoft Visual Studio Solution File, Format Version 12.00
# Visual Studio 15
VisualStudioVersion = 15.0.25807.0
MinimumVisualStudioVersion = 10.0.40219.1
Project("{2150E333-8FDC-42A3-9474-1A3956D46DE8}") = "Engine", "Engine", "{7D6BC278-B68B-431A-8196-1EE0BCF12AC9}"
EndProject
Project("{2150E333-8FDC-42A3-9474-1A3956D46DE8}") = "Games", "Games", "{A20F862D-F6B4-463B-8DFC-6711358CBB3F}"
EndProject
Project("{8BC9CEB8-8B4A-11D0-8D11-00A0C91BC942}") = "UE4", "Intermediate\ProjectFiles\UE4.vcxproj", "{BD635E60-2BBF-4B81-A15D-0551C1BD0CB7}"
EndProject
Project("{8BC9CEB8-8B4A-11D0-8D11-00A0C91BC942}") = "BuildingEscape", "Intermediate\ProjectFiles\BuildingEscape.vcxproj", "{8C163AAC-CD48-4934-BD3E-D5647FD6464D}"
EndProject
Project("{2150E333-8FDC-42A3-9474-1A3956D46DE8}") = "Visualizers", "Visualizers", "{8BE8BFE0-C01A-4501-BEED-C49D54583360}"
	ProjectSection(SolutionItems) = preProject
		..\..\..\..\..\..\Program Files\Epic Games\UE_4.21\Engine\Extras\VisualStudioDebugging\UE4.natvis = ..\..\..\..\..\..\Program Files\Epic Games\UE_4.21\Engine\Extras\VisualStudioDebugging\UE4.natvis
	EndProjectSection
EndProject
Global
	GlobalSection(SolutionConfigurationPlatforms) = preSolution
		DebugGame Editor|HTML5 = DebugGame Editor|HTML5
		DebugGame Editor|Win32 = DebugGame Editor|Win32
		DebugGame Editor|Win64 = DebugGame Editor|Win64
		DebugGame|HTML5 = DebugGame|HTML5
		DebugGame|Win32 = DebugGame|Win32
		DebugGame|Win64 = DebugGame|Win64
		Development Editor|HTML5 = Development Editor|HTML5
		Development Editor|Win32 = Development Editor|Win32
		Development Editor|Win64 = Development Editor|Win64
		Development|HTML5 = Development|HTML5
		Development|Win32 = Development|Win32
		Development|Win64 = Development|Win64
		Shipping|HTML5 = Shipping|HTML5
		Shipping|Win32 = Shipping|Win32
		Shipping|Win64 = Shipping|Win64
	EndGlobalSection
	GlobalSection(ProjectConfigurationPlatforms) = postSolution
		{BD635E60-2BBF-4B81-A15D-0551C1BD0CB7}.DebugGame Editor|HTML5.ActiveCfg = BuiltWithUnrealBuildTool|Win32
		{BD635E60-2BBF-4B81-A15D-0551C1BD0CB7}.DebugGame Editor|Win32.ActiveCfg = BuiltWithUnrealBuildTool|Win32
		{BD635E60-2BBF-4B81-A15D-0551C1BD0CB7}.DebugGame Editor|Win64.ActiveCfg = BuiltWithUnrealBuildTool|Win32
		{BD635E60-2BBF-4B81-A15D-0551C1BD0CB7}.DebugGame|HTML5.ActiveCfg = BuiltWithUnrealBuildTool|Win32
		{BD635E60-2BBF-4B81-A15D-0551C1BD0CB7}.DebugGame|Win32.ActiveCfg = BuiltWithUnrealBuildTool|Win32
		{BD635E60-2BBF-4B81-A15D-0551C1BD0CB7}.DebugGame|Win64.ActiveCfg = BuiltWithUnrealBuildTool|Win32
		{BD635E60-2BBF-4B81-A15D-0551C1BD0CB7}.Development Editor|HTML5.ActiveCfg = BuiltWithUnrealBuildTool|Win32
		{BD635E60-2BBF-4B81-A15D-0551C1BD0CB7}.Development Editor|Win32.ActiveCfg = BuiltWithUnrealBuildTool|Win32
		{BD635E60-2BBF-4B81-A15D-0551C1BD0CB7}.Development Editor|Win64.ActiveCfg = BuiltWithUnrealBuildTool|Win32
		{BD635E60-2BBF-4B81-A15D-0551C1BD0CB7}.Development|HTML5.ActiveCfg = BuiltWithUnrealBuildTool|Win32
		{BD635E60-2BBF-4B81-A15D-0551C1BD0CB7}.Development|Win32.ActiveCfg = BuiltWithUnrealBuildTool|Win32
		{BD635E60-2BBF-4B81-A15D-0551C1BD0CB7}.Development|Win64.ActiveCfg = BuiltWithUnrealBuildTool|Win32
		{BD635E60-2BBF-4B81-A15D-0551C1BD0CB7}.Shipping|HTML5.ActiveCfg = BuiltWithUnrealBuildTool|Win32
		{BD635E60-2BBF-4B81-A15D-0551C1BD0CB7}.Shipping|Win32.ActiveCfg = BuiltWithUnrealBuildTool|Win32
		{BD635E60-2BBF-4B81-A15D-0551C1BD0CB7}.Shipping|Win64.ActiveCfg = BuiltWithUnrealBuildTool|Win32
		{8C163AAC-CD48-4934-BD3E-D5647FD6464D}.DebugGame Editor|HTML5.ActiveCfg = Invalid|Win32
		{8C163AAC-CD48-4934-BD3E-D5647FD6464D}.DebugGame Editor|Win32.ActiveCfg = Invalid|Win32
		{8C163AAC-CD48-4934-BD3E-D5647FD6464D}.DebugGame Editor|Win64.ActiveCfg = DebugGame_Editor|x64
		{8C163AAC-CD48-4934-BD3E-D5647FD6464D}.DebugGame Editor|Win64.Build.0 = DebugGame_Editor|x64
		{8C163AAC-CD48-4934-BD3E-D5647FD6464D}.DebugGame|HTML5.ActiveCfg = HTML5_DebugGame|Win32
		{8C163AAC-CD48-4934-BD3E-D5647FD6464D}.DebugGame|HTML5.Build.0 = HTML5_DebugGame|Win32
		{8C163AAC-CD48-4934-BD3E-D5647FD6464D}.DebugGame|Win32.ActiveCfg = DebugGame|Win32
		{8C163AAC-CD48-4934-BD3E-D5647FD6464D}.DebugGame|Win32.Build.0 = DebugGame|Win32
		{8C163AAC-CD48-4934-BD3E-D5647FD6464D}.DebugGame|Win64.ActiveCfg = DebugGame|x64
		{8C163AAC-CD48-4934-BD3E-D5647FD6464D}.DebugGame|Win64.Build.0 = DebugGame|x64
		{8C163AAC-CD48-4934-BD3E-D5647FD6464D}.Development Editor|HTML5.ActiveCfg = Invalid|Win32
		{8C163AAC-CD48-4934-BD3E-D5647FD6464D}.Development Editor|Win32.ActiveCfg = Invalid|Win32
		{8C163AAC-CD48-4934-BD3E-D5647FD6464D}.Development Editor|Win64.ActiveCfg = Development_Editor|x64
		{8C163AAC-CD48-4934-BD3E-D5647FD6464D}.Development Editor|Win64.Build.0 = Development_Editor|x64
		{8C163AAC-CD48-4934-BD3E-D5647FD6464D}.Development|HTML5.ActiveCfg = HTML5_Development|Win32
		{8C163AAC-CD48-4934-BD3E-D5647FD6464D}.Development|HTML5.Build.0 = HTML5_Development|Win32
		{8C163AAC-CD48-4934-BD3E-D5647FD6464D}.Development|Win32.ActiveCfg = Development|Win32
		{8C163AAC-CD48-4934-BD3E-D5647FD6464D}.Development|Win32.Build.0 = Development|Win32
		{8C163AAC-CD48-4934-BD3E-D5647FD6464D}.Development|Win64.ActiveCfg = Development|x64
		{8C163AAC-CD48-4934-BD3E-D5647FD6464D}.Development|Win64.Build.0 = Development|x64
		{8C163AAC-CD48-4934-BD3E-D5647FD6464D}.Shipping|HTML5.ActiveCfg = HTML5_Shipping|Win32
		{8C163AAC-CD48-4934-BD3E-D5647FD6464D}.Shipping|HTML5.Build.0 = HTML5_Shipping|Win32
		{8C163AAC-CD48-4934-BD3E-D5647FD6464D}.Shipping|Win32.ActiveCfg = Shipping|Win32
		{8C163AAC-CD48-4934-BD3E-D5647FD6464D}.Shipping|Win32.Build.0 = Shipping|Win32
		{8C163AAC-CD48-4934-BD3E-D5647FD6464D}.Shipping|Win64.ActiveCfg = Shipping|x64
		{8C163AAC-CD48-4934-BD3E-D5647FD6464D}.Shipping|Win64.Build.0 = Shipping|x64
	EndGlobalSection
	GlobalSection(SolutionProperties) = preSolution
		HideSolutionNode = FALSE
	EndGlobalSection
	GlobalSection(NestedProjects) = preSolution
		{BD635E60-2BBF-4B81-A15D-0551C1BD0CB7} = {7D6BC278-B68B-431A-8196-1EE0BCF12AC9}
		{8C163AAC-CD48-4934-BD3E-D5647FD6464D} = {A20F862D-F6B4-463B-8DFC-6711358CBB3F}
	EndGlobalSection
EndGlobal
